// !$*UTF8*$!
{
	archiveVersion = 1;
	classes = {
	};
	objectVersion = 46;
	objects = {

/* Begin PBXBuildFile section */
		B315DB0615C7E8E60066B086 /* Foundation.framework in Frameworks */ = {isa = PBXBuildFile; fileRef = B315DB0515C7E8E60066B086 /* Foundation.framework */; };
		B315DB0B15C7E8E60066B086 /* MUBlockDelegate.h in CopyFiles */ = {isa = PBXBuildFile; fileRef = B315DB0A15C7E8E60066B086 /* MUBlockDelegate.h */; };
		B315DB1515C7E8E60066B086 /* SenTestingKit.framework in Frameworks */ = {isa = PBXBuildFile; fileRef = B315DB1415C7E8E60066B086 /* SenTestingKit.framework */; };
		B315DB1715C7E8E60066B086 /* UIKit.framework in Frameworks */ = {isa = PBXBuildFile; fileRef = B315DB1615C7E8E60066B086 /* UIKit.framework */; };
		B315DB1815C7E8E60066B086 /* Foundation.framework in Frameworks */ = {isa = PBXBuildFile; fileRef = B315DB0515C7E8E60066B086 /* Foundation.framework */; };
		B315DB1B15C7E8E60066B086 /* libMUBlockDelegate.a in Frameworks */ = {isa = PBXBuildFile; fileRef = B315DB0215C7E8E60066B086 /* libMUBlockDelegate.a */; };
		B315DB2115C7E8E60066B086 /* InfoPlist.strings in Resources */ = {isa = PBXBuildFile; fileRef = B315DB1F15C7E8E60066B086 /* InfoPlist.strings */; };
		B315DB2415C7E8E60066B086 /* MUBlockDelegateTests.m in Sources */ = {isa = PBXBuildFile; fileRef = B315DB2315C7E8E60066B086 /* MUBlockDelegateTests.m */; };
		B315DB3215C7E9BC0066B086 /* TestObject.m in Sources */ = {isa = PBXBuildFile; fileRef = B315DB3115C7E9BC0066B086 /* TestObject.m */; };
		B315DB3415C7ED210066B086 /* MUBlockDelegate.m in Sources */ = {isa = PBXBuildFile; fileRef = B315DB0C15C7E8E60066B086 /* MUBlockDelegate.m */; };
		B315DB3515C7ED2C0066B086 /* MUBlockDelegate.m in Sources */ = {isa = PBXBuildFile; fileRef = B315DB0C15C7E8E60066B086 /* MUBlockDelegate.m */; };
		B315DB3815C7ED740066B086 /* TestDelegateImpl.m in Sources */ = {isa = PBXBuildFile; fileRef = B315DB3715C7ED740066B086 /* TestDelegateImpl.m */; };
		B315DB3A15C7EF720066B086 /* README.md in Resources */ = {isa = PBXBuildFile; fileRef = B315DB3915C7EF720066B086 /* README.md */; };
/* End PBXBuildFile section */

/* Begin PBXContainerItemProxy section */
		B315DB1915C7E8E60066B086 /* PBXContainerItemProxy */ = {
			isa = PBXContainerItemProxy;
			containerPortal = B315DAF915C7E8E60066B086 /* Project object */;
			proxyType = 1;
			remoteGlobalIDString = B315DB0115C7E8E60066B086;
			remoteInfo = MUBlockDelegate;
		};
/* End PBXContainerItemProxy section */

/* Begin PBXCopyFilesBuildPhase section */
		B315DB0015C7E8E60066B086 /* CopyFiles */ = {
			isa = PBXCopyFilesBuildPhase;
			buildActionMask = 2147483647;
			dstPath = "include/${PRODUCT_NAME}";
			dstSubfolderSpec = 16;
			files = (
				B315DB0B15C7E8E60066B086 /* MUBlockDelegate.h in CopyFiles */,
			);
			runOnlyForDeploymentPostprocessing = 0;
		};
/* End PBXCopyFilesBuildPhase section */

/* Begin PBXFileReference section */
		B315DB0215C7E8E60066B086 /* libMUBlockDelegate.a */ = {isa = PBXFileReference; explicitFileType = archive.ar; includeInIndex = 0; path = libMUBlockDelegate.a; sourceTree = BUILT_PRODUCTS_DIR; };
		B315DB0515C7E8E60066B086 /* Foundation.framework */ = {isa = PBXFileReference; lastKnownFileType = wrapper.framework; name = Foundation.framework; path = System/Library/Frameworks/Foundation.framework; sourceTree = SDKROOT; };
		B315DB0915C7E8E60066B086 /* MUBlockDelegate-Prefix.pch */ = {isa = PBXFileReference; lastKnownFileType = sourcecode.c.h; path = "MUBlockDelegate-Prefix.pch"; sourceTree = "<group>"; };
		B315DB0A15C7E8E60066B086 /* MUBlockDelegate.h */ = {isa = PBXFileReference; lastKnownFileType = sourcecode.c.h; path = MUBlockDelegate.h; sourceTree = "<group>"; };
		B315DB0C15C7E8E60066B086 /* MUBlockDelegate.m */ = {isa = PBXFileReference; lastKnownFileType = sourcecode.c.objc; path = MUBlockDelegate.m; sourceTree = "<group>"; };
		B315DB1315C7E8E60066B086 /* MUBlockDelegateTests.octest */ = {isa = PBXFileReference; explicitFileType = wrapper.cfbundle; includeInIndex = 0; path = MUBlockDelegateTests.octest; sourceTree = BUILT_PRODUCTS_DIR; };
		B315DB1415C7E8E60066B086 /* SenTestingKit.framework */ = {isa = PBXFileReference; lastKnownFileType = wrapper.framework; name = SenTestingKit.framework; path = Library/Frameworks/SenTestingKit.framework; sourceTree = DEVELOPER_DIR; };
		B315DB1615C7E8E60066B086 /* UIKit.framework */ = {isa = PBXFileReference; lastKnownFileType = wrapper.framework; name = UIKit.framework; path = Library/Frameworks/UIKit.framework; sourceTree = DEVELOPER_DIR; };
		B315DB1E15C7E8E60066B086 /* MUBlockDelegateTests-Info.plist */ = {isa = PBXFileReference; lastKnownFileType = text.plist.xml; path = "MUBlockDelegateTests-Info.plist"; sourceTree = "<group>"; };
		B315DB2015C7E8E60066B086 /* en */ = {isa = PBXFileReference; lastKnownFileType = text.plist.strings; name = en; path = en.lproj/InfoPlist.strings; sourceTree = "<group>"; };
		B315DB2215C7E8E60066B086 /* MUBlockDelegateTests.h */ = {isa = PBXFileReference; lastKnownFileType = sourcecode.c.h; path = MUBlockDelegateTests.h; sourceTree = "<group>"; };
		B315DB2315C7E8E60066B086 /* MUBlockDelegateTests.m */ = {isa = PBXFileReference; lastKnownFileType = sourcecode.c.objc; path = MUBlockDelegateTests.m; sourceTree = "<group>"; };
		B315DB3015C7E9BC0066B086 /* TestObject.h */ = {isa = PBXFileReference; fileEncoding = 4; lastKnownFileType = sourcecode.c.h; path = TestObject.h; sourceTree = "<group>"; };
		B315DB3115C7E9BC0066B086 /* TestObject.m */ = {isa = PBXFileReference; fileEncoding = 4; lastKnownFileType = sourcecode.c.objc; path = TestObject.m; sourceTree = "<group>"; };
		B315DB3315C7E9D70066B086 /* TestProtcol.h */ = {isa = PBXFileReference; lastKnownFileType = sourcecode.c.h; path = TestProtcol.h; sourceTree = "<group>"; };
		B315DB3615C7ED740066B086 /* TestDelegateImpl.h */ = {isa = PBXFileReference; fileEncoding = 4; lastKnownFileType = sourcecode.c.h; path = TestDelegateImpl.h; sourceTree = "<group>"; };
		B315DB3715C7ED740066B086 /* TestDelegateImpl.m */ = {isa = PBXFileReference; fileEncoding = 4; lastKnownFileType = sourcecode.c.objc; path = TestDelegateImpl.m; sourceTree = "<group>"; };
		B315DB3915C7EF720066B086 /* README.md */ = {isa = PBXFileReference; fileEncoding = 4; lastKnownFileType = text; path = README.md; sourceTree = "<group>"; };
/* End PBXFileReference section */

/* Begin PBXFrameworksBuildPhase section */
		B315DAFF15C7E8E60066B086 /* Frameworks */ = {
			isa = PBXFrameworksBuildPhase;
			buildActionMask = 2147483647;
			files = (
				B315DB0615C7E8E60066B086 /* Foundation.framework in Frameworks */,
			);
			runOnlyForDeploymentPostprocessing = 0;
		};
		B315DB0F15C7E8E60066B086 /* Frameworks */ = {
			isa = PBXFrameworksBuildPhase;
			buildActionMask = 2147483647;
			files = (
				B315DB1515C7E8E60066B086 /* SenTestingKit.framework in Frameworks */,
				B315DB1715C7E8E60066B086 /* UIKit.framework in Frameworks */,
				B315DB1815C7E8E60066B086 /* Foundation.framework in Frameworks */,
				B315DB1B15C7E8E60066B086 /* libMUBlockDelegate.a in Frameworks */,
			);
			runOnlyForDeploymentPostprocessing = 0;
		};
/* End PBXFrameworksBuildPhase section */

/* Begin PBXGroup section */
		B315DAF715C7E8E60066B086 = {
			isa = PBXGroup;
			children = (
				B315DB3915C7EF720066B086 /* README.md */,
				B315DB0715C7E8E60066B086 /* MUBlockDelegate */,
				B315DB1C15C7E8E60066B086 /* MUBlockDelegateTests */,
				B315DB0415C7E8E60066B086 /* Frameworks */,
				B315DB0315C7E8E60066B086 /* Products */,
			);
			sourceTree = "<group>";
		};
		B315DB0315C7E8E60066B086 /* Products */ = {
			isa = PBXGroup;
			children = (
				B315DB0215C7E8E60066B086 /* libMUBlockDelegate.a */,
				B315DB1315C7E8E60066B086 /* MUBlockDelegateTests.octest */,
			);
			name = Products;
			sourceTree = "<group>";
		};
		B315DB0415C7E8E60066B086 /* Frameworks */ = {
			isa = PBXGroup;
			children = (
				B315DB0515C7E8E60066B086 /* Foundation.framework */,
				B315DB1415C7E8E60066B086 /* SenTestingKit.framework */,
				B315DB1615C7E8E60066B086 /* UIKit.framework */,
			);
			name = Frameworks;
			sourceTree = "<group>";
		};
		B315DB0715C7E8E60066B086 /* MUBlockDelegate */ = {
			isa = PBXGroup;
			children = (
				B315DB0A15C7E8E60066B086 /* MUBlockDelegate.h */,
				B315DB0C15C7E8E60066B086 /* MUBlockDelegate.m */,
				B315DB0815C7E8E60066B086 /* Supporting Files */,
			);
			path = MUBlockDelegate;
			sourceTree = "<group>";
		};
		B315DB0815C7E8E60066B086 /* Supporting Files */ = {
			isa = PBXGroup;
			children = (
				B315DB0915C7E8E60066B086 /* MUBlockDelegate-Prefix.pch */,
			);
			name = "Supporting Files";
			sourceTree = "<group>";
		};
		B315DB1C15C7E8E60066B086 /* MUBlockDelegateTests */ = {
			isa = PBXGroup;
			children = (
				B315DB3615C7ED740066B086 /* TestDelegateImpl.h */,
				B315DB3715C7ED740066B086 /* TestDelegateImpl.m */,
				B315DB3315C7E9D70066B086 /* TestProtcol.h */,
				B315DB3015C7E9BC0066B086 /* TestObject.h */,
				B315DB3115C7E9BC0066B086 /* TestObject.m */,
				B315DB2215C7E8E60066B086 /* MUBlockDelegateTests.h */,
				B315DB2315C7E8E60066B086 /* MUBlockDelegateTests.m */,
				B315DB1D15C7E8E60066B086 /* Supporting Files */,
			);
			path = MUBlockDelegateTests;
			sourceTree = "<group>";
		};
		B315DB1D15C7E8E60066B086 /* Supporting Files */ = {
			isa = PBXGroup;
			children = (
				B315DB1E15C7E8E60066B086 /* MUBlockDelegateTests-Info.plist */,
				B315DB1F15C7E8E60066B086 /* InfoPlist.strings */,
			);
			name = "Supporting Files";
			sourceTree = "<group>";
		};
/* End PBXGroup section */

/* Begin PBXNativeTarget section */
		B315DB0115C7E8E60066B086 /* MUBlockDelegate */ = {
			isa = PBXNativeTarget;
			buildConfigurationList = B315DB2715C7E8E60066B086 /* Build configuration list for PBXNativeTarget "MUBlockDelegate" */;
			buildPhases = (
				B315DAFE15C7E8E60066B086 /* Sources */,
				B315DAFF15C7E8E60066B086 /* Frameworks */,
				B315DB0015C7E8E60066B086 /* CopyFiles */,
			);
			buildRules = (
			);
			dependencies = (
			);
			name = MUBlockDelegate;
			productName = MUBlockDelegate;
			productReference = B315DB0215C7E8E60066B086 /* libMUBlockDelegate.a */;
			productType = "com.apple.product-type.library.static";
		};
		B315DB1215C7E8E60066B086 /* MUBlockDelegateTests */ = {
			isa = PBXNativeTarget;
			buildConfigurationList = B315DB2A15C7E8E60066B086 /* Build configuration list for PBXNativeTarget "MUBlockDelegateTests" */;
			buildPhases = (
				B315DB0E15C7E8E60066B086 /* Sources */,
				B315DB0F15C7E8E60066B086 /* Frameworks */,
				B315DB1015C7E8E60066B086 /* Resources */,
				B315DB1115C7E8E60066B086 /* ShellScript */,
			);
			buildRules = (
			);
			dependencies = (
				B315DB1A15C7E8E60066B086 /* PBXTargetDependency */,
			);
			name = MUBlockDelegateTests;
			productName = MUBlockDelegateTests;
			productReference = B315DB1315C7E8E60066B086 /* MUBlockDelegateTests.octest */;
			productType = "com.apple.product-type.bundle";
		};
/* End PBXNativeTarget section */

/* Begin PBXProject section */
		B315DAF915C7E8E60066B086 /* Project object */ = {
			isa = PBXProject;
			attributes = {
				LastUpgradeCheck = 0440;
				ORGANIZATIONNAME = MUWork;
			};
			buildConfigurationList = B315DAFC15C7E8E60066B086 /* Build configuration list for PBXProject "MUBlockDelegate" */;
			compatibilityVersion = "Xcode 3.2";
			developmentRegion = English;
			hasScannedForEncodings = 0;
			knownRegions = (
				en,
			);
			mainGroup = B315DAF715C7E8E60066B086;
			productRefGroup = B315DB0315C7E8E60066B086 /* Products */;
			projectDirPath = "";
			projectRoot = "";
			targets = (
				B315DB0115C7E8E60066B086 /* MUBlockDelegate */,
				B315DB1215C7E8E60066B086 /* MUBlockDelegateTests */,
			);
		};
/* End PBXProject section */

/* Begin PBXResourcesBuildPhase section */
		B315DB1015C7E8E60066B086 /* Resources */ = {
			isa = PBXResourcesBuildPhase;
			buildActionMask = 2147483647;
			files = (
				B315DB2115C7E8E60066B086 /* InfoPlist.strings in Resources */,
				B315DB3A15C7EF720066B086 /* README.md in Resources */,
			);
			runOnlyForDeploymentPostprocessing = 0;
		};
/* End PBXResourcesBuildPhase section */

/* Begin PBXShellScriptBuildPhase section */
		B315DB1115C7E8E60066B086 /* ShellScript */ = {
			isa = PBXShellScriptBuildPhase;
			buildActionMask = 2147483647;
			files = (
			);
			inputPaths = (
			);
			outputPaths = (
			);
			runOnlyForDeploymentPostprocessing = 0;
			shellPath = /bin/sh;
			shellScript = "# Run the unit tests in this test bundle.\n\"${SYSTEM_DEVELOPER_DIR}/Tools/RunUnitTests\"\n";
		};
/* End PBXShellScriptBuildPhase section */

/* Begin PBXSourcesBuildPhase section */
		B315DAFE15C7E8E60066B086 /* Sources */ = {
			isa = PBXSourcesBuildPhase;
			buildActionMask = 2147483647;
			files = (
				B315DB3515C7ED2C0066B086 /* MUBlockDelegate.m in Sources */,
			);
			runOnlyForDeploymentPostprocessing = 0;
		};
		B315DB0E15C7E8E60066B086 /* Sources */ = {
			isa = PBXSourcesBuildPhase;
			buildActionMask = 2147483647;
			files = (
				B315DB2415C7E8E60066B086 /* MUBlockDelegateTests.m in Sources */,
				B315DB3215C7E9BC0066B086 /* TestObject.m in Sources */,
				B315DB3415C7ED210066B086 /* MUBlockDelegate.m in Sources */,
				B315DB3815C7ED740066B086 /* TestDelegateImpl.m in Sources */,
			);
			runOnlyForDeploymentPostprocessing = 0;
		};
/* End PBXSourcesBuildPhase section */

/* Begin PBXTargetDependency section */
		B315DB1A15C7E8E60066B086 /* PBXTargetDependency */ = {
			isa = PBXTargetDependency;
			target = B315DB0115C7E8E60066B086 /* MUBlockDelegate */;
			targetProxy = B315DB1915C7E8E60066B086 /* PBXContainerItemProxy */;
		};
/* End PBXTargetDependency section */

/* Begin PBXVariantGroup section */
		B315DB1F15C7E8E60066B086 /* InfoPlist.strings */ = {
			isa = PBXVariantGroup;
			children = (
				B315DB2015C7E8E60066B086 /* en */,
			);
			name = InfoPlist.strings;
			sourceTree = "<group>";
		};
/* End PBXVariantGroup section */

/* Begin XCBuildConfiguration section */
		B315DB2515C7E8E60066B086 /* Debug */ = {
			isa = XCBuildConfiguration;
			buildSettings = {
				ALWAYS_SEARCH_USER_PATHS = NO;
				ARCHS = "$(ARCHS_STANDARD_32_BIT)";
				CLANG_CXX_LANGUAGE_STANDARD = "gnu++0x";
				CLANG_ENABLE_OBJC_ARC = YES;
				CLANG_WARN__DUPLICATE_METHOD_MATCH = YES;
				COPY_PHASE_STRIP = NO;
				GCC_C_LANGUAGE_STANDARD = gnu99;
				GCC_DYNAMIC_NO_PIC = NO;
				GCC_OPTIMIZATION_LEVEL = 0;
				GCC_PREPROCESSOR_DEFINITIONS = (
					"DEBUG=1",
					"$(inherited)",
				);
				GCC_SYMBOLS_PRIVATE_EXTERN = NO;
				GCC_VERSION = com.apple.compilers.llvm.clang.1_0;
				GCC_WARN_ABOUT_RETURN_TYPE = YES;
				GCC_WARN_UNINITIALIZED_AUTOS = YES;
				GCC_WARN_UNUSED_VARIABLE = YES;
				IPHONEOS_DEPLOYMENT_TARGET = 5.0;
				SDKROOT = iphoneos;
			};
			name = Debug;
		};
		B315DB2615C7E8E60066B086 /* Release */ = {
			isa = XCBuildConfiguration;
			buildSettings = {
				ALWAYS_SEARCH_USER_PATHS = NO;
				ARCHS = "$(ARCHS_STANDARD_32_BIT)";
				CLANG_CXX_LANGUAGE_STANDARD = "gnu++0x";
				CLANG_ENABLE_OBJC_ARC = YES;
				CLANG_WARN__DUPLICATE_METHOD_MATCH = YES;
				COPY_PHASE_STRIP = YES;
				GCC_C_LANGUAGE_STANDARD = gnu99;
				GCC_VERSION = com.apple.compilers.llvm.clang.1_0;
				GCC_WARN_ABOUT_RETURN_TYPE = YES;
				GCC_WARN_UNINITIALIZED_AUTOS = YES;
				GCC_WARN_UNUSED_VARIABLE = YES;
				IPHONEOS_DEPLOYMENT_TARGET = 5.0;
				SDKROOT = iphoneos;
				VALIDATE_PRODUCT = YES;
			};
			name = Release;
		};
		B315DB2815C7E8E60066B086 /* Debug */ = {
			isa = XCBuildConfiguration;
			buildSettings = {
				DSTROOT = /tmp/MUBlockDelegate.dst;
				GCC_PRECOMPILE_PREFIX_HEADER = YES;
				GCC_PREFIX_HEADER = "MUBlockDelegate/MUBlockDelegate-Prefix.pch";
				OTHER_LDFLAGS = "-ObjC";
				PRODUCT_NAME = "$(TARGET_NAME)";
				SKIP_INSTALL = YES;
			};
			name = Debug;
		};
		B315DB2915C7E8E60066B086 /* Release */ = {
			isa = XCBuildConfiguration;
			buildSettings = {
				DSTROOT = /tmp/MUBlockDelegate.dst;
				GCC_PRECOMPILE_PREFIX_HEADER = YES;
				GCC_PREFIX_HEADER = "MUBlockDelegate/MUBlockDelegate-Prefix.pch";
				OTHER_LDFLAGS = "-ObjC";
				PRODUCT_NAME = "$(TARGET_NAME)";
				SKIP_INSTALL = YES;
			};
			name = Release;
		};
		B315DB2B15C7E8E60066B086 /* Debug */ = {
			isa = XCBuildConfiguration;
			buildSettings = {
				FRAMEWORK_SEARCH_PATHS = (
					"\"$(SDKROOT)/Developer/Library/Frameworks\"",
					"\"$(DEVELOPER_LIBRARY_DIR)/Frameworks\"",
				);
				GCC_PRECOMPILE_PREFIX_HEADER = YES;
				GCC_PREFIX_HEADER = "MUBlockDelegate/MUBlockDelegate-Prefix.pch";
				INFOPLIST_FILE = "MUBlockDelegateTests/MUBlockDelegateTests-Info.plist";
				PRODUCT_NAME = "$(TARGET_NAME)";
				WRAPPER_EXTENSION = octest;
			};
			name = Debug;
		};
		B315DB2C15C7E8E60066B086 /* Release */ = {
			isa = XCBuildConfiguration;
			buildSettings = {
				FRAMEWORK_SEARCH_PATHS = (
					"\"$(SDKROOT)/Developer/Library/Frameworks\"",
					"\"$(DEVELOPER_LIBRARY_DIR)/Frameworks\"",
				);
				GCC_PRECOMPILE_PREFIX_HEADER = YES;
				GCC_PREFIX_HEADER = "MUBlockDelegate/MUBlockDelegate-Prefix.pch";
				INFOPLIST_FILE = "MUBlockDelegateTests/MUBlockDelegateTests-Info.plist";
				PRODUCT_NAME = "$(TARGET_NAME)";
				WRAPPER_EXTENSION = octest;
			};
			name = Release;
		};
/* End XCBuildConfiguration section */

/* Begin XCConfigurationList section */
		B315DAFC15C7E8E60066B086 /* Build configuration list for PBXProject "MUBlockDelegate" */ = {
			isa = XCConfigurationList;
			buildConfigurations = (
				B315DB2515C7E8E60066B086 /* Debug */,
				B315DB2615C7E8E60066B086 /* Release */,
			);
			defaultConfigurationIsVisible = 0;
			defaultConfigurationName = Release;
		};
		B315DB2715C7E8E60066B086 /* Build configuration list for PBXNativeTarget "MUBlockDelegate" */ = {
			isa = XCConfigurationList;
			buildConfigurations = (
				B315DB2815C7E8E60066B086 /* Debug */,
				B315DB2915C7E8E60066B086 /* Release */,
			);
			defaultConfigurationIsVisible = 0;
		};
		B315DB2A15C7E8E60066B086 /* Build configuration list for PBXNativeTarget "MUBlockDelegateTests" */ = {
			isa = XCConfigurationList;
			buildConfigurations = (
				B315DB2B15C7E8E60066B086 /* Debug */,
				B315DB2C15C7E8E60066B086 /* Release */,
			);
			defaultConfigurationIsVisible = 0;
		};
/* End XCConfigurationList section */
	};
	rootObject = B315DAF915C7E8E60066B086 /* Project object */;
}
